
Microsoft Visual Studio Solution File, Format Version 12.00
# Visual Studio 15
VisualStudioVersion = 15.0.28307.102
MinimumVisualStudioVersion = 10.0.40219.1
Project("{FAE04EC0-301F-11D3-BF4B-00C04F79EFBC}") = "PostmanBoxesMicroService", "PostmanBoxesMicroService\PostmanBoxesMicroService.csproj", "{7F255053-CB71-479E-B61F-2DA6CEABC654}"
EndProject
Project("{FAE04EC0-301F-11D3-BF4B-00C04F79EFBC}") = "PostmanBoxesMicroService.Tests", "PostmanBoxesMicroService.Tests\PostmanBoxesMicroService.Tests.csproj", "{CABE544B-3AD1-48D4-A0D9-0FD0B8428FAD}"
EndProject
Project("{E53339B2-1760-4266-BCC7-CA923CBCF16C}") = "docker-compose", "docker-compose.dcproj", "{15A5528D-20B8-4BFD-8674-5DBD94FEB563}"
EndProject
Global
	GlobalSection(SolutionConfigurationPlatforms) = preSolution
		Debug|Any CPU = Debug|Any CPU
		Release|Any CPU = Release|Any CPU
	EndGlobalSection
	GlobalSection(ProjectConfigurationPlatforms) = postSolution
		{7F255053-CB71-479E-B61F-2DA6CEABC654}.Debug|Any CPU.ActiveCfg = Debug|Any CPU
		{7F255053-CB71-479E-B61F-2DA6CEABC654}.Debug|Any CPU.Build.0 = Debug|Any CPU
		{7F255053-CB71-479E-B61F-2DA6CEABC654}.Release|Any CPU.ActiveCfg = Release|Any CPU
		{7F255053-CB71-479E-B61F-2DA6CEABC654}.Release|Any CPU.Build.0 = Release|Any CPU
		{CABE544B-3AD1-48D4-A0D9-0FD0B8428FAD}.Debug|Any CPU.ActiveCfg = Debug|Any CPU
		{CABE544B-3AD1-48D4-A0D9-0FD0B8428FAD}.Debug|Any CPU.Build.0 = Debug|Any CPU
		{CABE544B-3AD1-48D4-A0D9-0FD0B8428FAD}.Release|Any CPU.ActiveCfg = Release|Any CPU
		{CABE544B-3AD1-48D4-A0D9-0FD0B8428FAD}.Release|Any CPU.Build.0 = Release|Any CPU
		{15A5528D-20B8-4BFD-8674-5DBD94FEB563}.Debug|Any CPU.ActiveCfg = Debug|Any CPU
		{15A5528D-20B8-4BFD-8674-5DBD94FEB563}.Debug|Any CPU.Build.0 = Debug|Any CPU
		{15A5528D-20B8-4BFD-8674-5DBD94FEB563}.Release|Any CPU.ActiveCfg = Release|Any CPU
		{15A5528D-20B8-4BFD-8674-5DBD94FEB563}.Release|Any CPU.Build.0 = Release|Any CPU
	EndGlobalSection
	GlobalSection(SolutionProperties) = preSolution
		HideSolutionNode = FALSE
	EndGlobalSection
	GlobalSection(ExtensibilityGlobals) = postSolution
		SolutionGuid = {C7A2959C-2603-4003-95BE-F7F138CD608B}
	EndGlobalSection
EndGlobal
